
Microsoft Visual Studio Solution File, Format Version 11.00
# Visual Studio 2010
Project("{FAE04EC0-301F-11D3-BF4B-00C04F79EFBC}") = "Assembly-CSharp", "Assembly-CSharp.csproj", "{C5104D03-2F6B-21B7-5E65-1B21F41A0AA1}"
EndProject
Global
	GlobalSection(SolutionConfigurationPlatforms) = preSolution
		Debug|Any CPU = Debug|Any CPU
		Release|Any CPU = Release|Any CPU
	EndGlobalSection
	GlobalSection(ProjectConfigurationPlatforms) = postSolution
		{C5104D03-2F6B-21B7-5E65-1B21F41A0AA1}.Debug|Any CPU.ActiveCfg = Debug|Any CPU
		{C5104D03-2F6B-21B7-5E65-1B21F41A0AA1}.Debug|Any CPU.Build.0 = Debug|Any CPU
		{C5104D03-2F6B-21B7-5E65-1B21F41A0AA1}.Release|Any CPU.ActiveCfg = Release|Any CPU
		{C5104D03-2F6B-21B7-5E65-1B21F41A0AA1}.Release|Any CPU.Build.0 = Release|Any CPU
	EndGlobalSection
	GlobalSection(SolutionProperties) = preSolution
		HideSolutionNode = FALSE
	EndGlobalSection
EndGlobal
